
Microsoft Visual Studio Solution File, Format Version 12.00
# TcXaeShell Solution File, Format Version 11.00
VisualStudioVersion = 15.0.35116.124
MinimumVisualStudioVersion = 10.0.40219.1
Project("{B1E792BE-AA5F-4E3C-8C82-674BF9C0715B}") = "BWB_Demo_PLC", "BWB_Demo_PLC\BWB_Demo_PLC.tsproj", "{B9510B35-E2B6-49A6-97C1-F96925768B35}"
EndProject
Global
	GlobalSection(SolutionConfigurationPlatforms) = preSolution
		Debug|TwinCAT CE7 (ARMV7) = Debug|TwinCAT CE7 (ARMV7)
		Debug|TwinCAT OS (ARMT2) = Debug|TwinCAT OS (ARMT2)
		Debug|TwinCAT RT (x64) = Debug|TwinCAT RT (x64)
		Debug|TwinCAT RT (x86) = Debug|TwinCAT RT (x86)
		Release|TwinCAT CE7 (ARMV7) = Release|TwinCAT CE7 (ARMV7)
		Release|TwinCAT OS (ARMT2) = Release|TwinCAT OS (ARMT2)
		Release|TwinCAT RT (x64) = Release|TwinCAT RT (x64)
		Release|TwinCAT RT (x86) = Release|TwinCAT RT (x86)
	EndGlobalSection
	GlobalSection(ProjectConfigurationPlatforms) = postSolution
		{B9510B35-E2B6-49A6-97C1-F96925768B35}.Debug|TwinCAT CE7 (ARMV7).ActiveCfg = Debug|TwinCAT CE7 (ARMV7)
		{B9510B35-E2B6-49A6-97C1-F96925768B35}.Debug|TwinCAT CE7 (ARMV7).Build.0 = Debug|TwinCAT CE7 (ARMV7)
		{B9510B35-E2B6-49A6-97C1-F96925768B35}.Debug|TwinCAT OS (ARMT2).ActiveCfg = Debug|TwinCAT OS (ARMV8-A)
		{B9510B35-E2B6-49A6-97C1-F96925768B35}.Debug|TwinCAT RT (x64).ActiveCfg = Debug|TwinCAT RT (x64)
		{B9510B35-E2B6-49A6-97C1-F96925768B35}.Debug|TwinCAT RT (x64).Build.0 = Debug|TwinCAT RT (x64)
		{B9510B35-E2B6-49A6-97C1-F96925768B35}.Debug|TwinCAT RT (x86).ActiveCfg = Debug|TwinCAT RT (x86)
		{B9510B35-E2B6-49A6-97C1-F96925768B35}.Debug|TwinCAT RT (x86).Build.0 = Debug|TwinCAT RT (x86)
		{B9510B35-E2B6-49A6-97C1-F96925768B35}.Release|TwinCAT CE7 (ARMV7).ActiveCfg = Release|TwinCAT CE7 (ARMV7)
		{B9510B35-E2B6-49A6-97C1-F96925768B35}.Release|TwinCAT CE7 (ARMV7).Build.0 = Release|TwinCAT CE7 (ARMV7)
		{B9510B35-E2B6-49A6-97C1-F96925768B35}.Release|TwinCAT OS (ARMT2).ActiveCfg = Release|TwinCAT OS (ARMV8-A)
		{B9510B35-E2B6-49A6-97C1-F96925768B35}.Release|TwinCAT RT (x64).ActiveCfg = Release|TwinCAT RT (x64)
		{B9510B35-E2B6-49A6-97C1-F96925768B35}.Release|TwinCAT RT (x64).Build.0 = Release|TwinCAT RT (x64)
		{B9510B35-E2B6-49A6-97C1-F96925768B35}.Release|TwinCAT RT (x86).ActiveCfg = Release|TwinCAT RT (x86)
		{B9510B35-E2B6-49A6-97C1-F96925768B35}.Release|TwinCAT RT (x86).Build.0 = Release|TwinCAT RT (x86)
		{2538FBA9-DBCF-4FB1-879F-C3FB8C400BAE}.Debug|TwinCAT CE7 (ARMV7).ActiveCfg = Debug|TwinCAT CE7 (ARMV7)
		{2538FBA9-DBCF-4FB1-879F-C3FB8C400BAE}.Debug|TwinCAT CE7 (ARMV7).Build.0 = Debug|TwinCAT CE7 (ARMV7)
		{2538FBA9-DBCF-4FB1-879F-C3FB8C400BAE}.Debug|TwinCAT OS (ARMT2).ActiveCfg = Debug|TwinCAT OS (ARMV8-A)
		{2538FBA9-DBCF-4FB1-879F-C3FB8C400BAE}.Debug|TwinCAT RT (x64).ActiveCfg = Debug|TwinCAT RT (x64)
		{2538FBA9-DBCF-4FB1-879F-C3FB8C400BAE}.Debug|TwinCAT RT (x64).Build.0 = Debug|TwinCAT RT (x64)
		{2538FBA9-DBCF-4FB1-879F-C3FB8C400BAE}.Debug|TwinCAT RT (x86).ActiveCfg = Debug|TwinCAT RT (x86)
		{2538FBA9-DBCF-4FB1-879F-C3FB8C400BAE}.Debug|TwinCAT RT (x86).Build.0 = Debug|TwinCAT RT (x86)
		{2538FBA9-DBCF-4FB1-879F-C3FB8C400BAE}.Release|TwinCAT CE7 (ARMV7).ActiveCfg = Release|TwinCAT CE7 (ARMV7)
		{2538FBA9-DBCF-4FB1-879F-C3FB8C400BAE}.Release|TwinCAT CE7 (ARMV7).Build.0 = Release|TwinCAT CE7 (ARMV7)
		{2538FBA9-DBCF-4FB1-879F-C3FB8C400BAE}.Release|TwinCAT OS (ARMT2).ActiveCfg = Release|TwinCAT OS (ARMV8-A)
		{2538FBA9-DBCF-4FB1-879F-C3FB8C400BAE}.Release|TwinCAT RT (x64).ActiveCfg = Release|TwinCAT RT (x64)
		{2538FBA9-DBCF-4FB1-879F-C3FB8C400BAE}.Release|TwinCAT RT (x64).Build.0 = Release|TwinCAT RT (x64)
		{2538FBA9-DBCF-4FB1-879F-C3FB8C400BAE}.Release|TwinCAT RT (x86).ActiveCfg = Release|TwinCAT RT (x86)
		{2538FBA9-DBCF-4FB1-879F-C3FB8C400BAE}.Release|TwinCAT RT (x86).Build.0 = Release|TwinCAT RT (x86)
	EndGlobalSection
	GlobalSection(SolutionProperties) = preSolution
		HideSolutionNode = FALSE
	EndGlobalSection
	GlobalSection(ExtensibilityGlobals) = postSolution
		SolutionGuid = {A33F5E5E-D580-4281-BB98-988E17C97528}
	EndGlobalSection
EndGlobal
